
Microsoft Visual Studio Solution File, Format Version 12.00
# Visual Studio Version 16
VisualStudioVersion = 16.0.30225.117
MinimumVisualStudioVersion = 10.0.40219.1
Project("{FAE04EC0-301F-11D3-BF4B-00C04F79EFBC}") = "WACAereo", "WACAereo\WACAereo.csproj", "{A910B0C9-D463-459C-91AB-4058E3DACC0C}"
EndProject
Global
	GlobalSection(SolutionConfigurationPlatforms) = preSolution
		Debug|Any CPU = Debug|Any CPU
		Release|Any CPU = Release|Any CPU
	EndGlobalSection
	GlobalSection(ProjectConfigurationPlatforms) = postSolution
		{A910B0C9-D463-459C-91AB-4058E3DACC0C}.Debug|Any CPU.ActiveCfg = Debug|Any CPU
		{A910B0C9-D463-459C-91AB-4058E3DACC0C}.Debug|Any CPU.Build.0 = Debug|Any CPU
		{A910B0C9-D463-459C-91AB-4058E3DACC0C}.Release|Any CPU.ActiveCfg = Release|Any CPU
		{A910B0C9-D463-459C-91AB-4058E3DACC0C}.Release|Any CPU.Build.0 = Release|Any CPU
	EndGlobalSection
	GlobalSection(SolutionProperties) = preSolution
		HideSolutionNode = FALSE
	EndGlobalSection
	GlobalSection(ExtensibilityGlobals) = postSolution
		SolutionGuid = {F2E25F3E-D494-4F6F-9289-C3650E1496F5}
	EndGlobalSection
EndGlobal
